
Microsoft Visual Studio Solution File, Format Version 12.00
# Visual Studio Version 17
VisualStudioVersion = 17.8.34316.72
MinimumVisualStudioVersion = 10.0.40219.1
Project("{FAE04EC0-301F-11D3-BF4B-00C04F79EFBC}") = "OOWJANG", "OOWJANG\OOWJANG.csproj", "{532B68BF-273B-4DCD-9911-A1886D002349}"
EndProject
Global
	GlobalSection(SolutionConfigurationPlatforms) = preSolution
		Debug|Any CPU = Debug|Any CPU
		Release|Any CPU = Release|Any CPU
	EndGlobalSection
	GlobalSection(ProjectConfigurationPlatforms) = postSolution
		{532B68BF-273B-4DCD-9911-A1886D002349}.Debug|Any CPU.ActiveCfg = Debug|Any CPU
		{532B68BF-273B-4DCD-9911-A1886D002349}.Debug|Any CPU.Build.0 = Debug|Any CPU
		{532B68BF-273B-4DCD-9911-A1886D002349}.Release|Any CPU.ActiveCfg = Release|Any CPU
		{532B68BF-273B-4DCD-9911-A1886D002349}.Release|Any CPU.Build.0 = Release|Any CPU
	EndGlobalSection
	GlobalSection(SolutionProperties) = preSolution
		HideSolutionNode = FALSE
	EndGlobalSection
	GlobalSection(ExtensibilityGlobals) = postSolution
		SolutionGuid = {6DBE820C-6A3E-4826-A802-A828838D3FF9}
	EndGlobalSection
EndGlobal
